{
  "version": 4,
  "terraform_version": "1.9.8",
  "serial": 56,
  "lineage": "3a978031-2d8b-52f2-b4b2-cf0f92a2c1f0",
  "outputs": {},
  "resources": [
    {
      "mode": "data",
      "type": "aws_secretsmanager_secret_version",
      "name": "PSQL-secretversion",
      "provider": "provider[\"registry.terraform.io/hashicorp/aws\"]",
      "instances": [
        {
          "schema_version": 0,
          "attributes": {
            "arn": "arn:aws:secretsmanager:us-east-1:202533543604:secret:psql-secret-CSxUN5",
            "created_date": "2024-11-02T18:06:56Z",
            "id": "arn:aws:secretsmanager:us-east-1:202533543604:secret:psql-secret-CSxUN5|AWSCURRENT",
            "secret_binary": "",
            "secret_id": "arn:aws:secretsmanager:us-east-1:202533543604:secret:psql-secret-CSxUN5",
            "secret_string": "{\"password\":\"!Dh\\u003eiIT?aENNARc%\",\"username\":\"admin\"}",
            "version_id": "terraform-20241102180657080600000002",
            "version_stage": "AWSCURRENT",
            "version_stages": [
              "AWSCURRENT"
            ]
          },
          "sensitive_attributes": [
            [
              {
                "type": "get_attr",
                "value": "secret_binary"
              }
            ],
            [
              {
                "type": "get_attr",
                "value": "secret_string"
              }
            ]
          ]
        }
      ]
    },
    {
      "mode": "managed",
      "type": "aws_acm_certificate",
      "name": "certificado-SSL",
      "provider": "provider[\"registry.terraform.io/hashicorp/aws\"]",
      "instances": [
        {
          "schema_version": 0,
          "attributes": {
            "arn": "arn:aws:acm:us-east-1:202533543604:certificate/a7a8ccf8-cf1b-4910-b99b-f901745d95af",
            "certificate_authority_arn": "",
            "certificate_body": "-----BEGIN CERTIFICATE-----\r\nMIIDszCCApugAwIBAgIUYqijAqkCHcrWLIXaKx+upJ2ANdcwDQYJKoZIhvcNAQEL\r\nBQAwaTELMAkGA1UEBhMCRVMxCzAJBgNVBAgMAk1VMQswCQYDVQQHDAJNVTEYMBYG\r\nA1UECgwPKi5hbWF6b25hd3MuY29tMQwwCgYDVQQLDANIQUIxGDAWBgNVBAMMDyou\r\nYW1hem9uYXdzLmNvbTAeFw0yNDEwMjUxMTE4MDRaFw0yNTEwMjUxMTE4MDRaMGkx\r\nCzAJBgNVBAYTAkVTMQswCQYDVQQIDAJNVTELMAkGA1UEBwwCTVUxGDAWBgNVBAoM\r\nDyouYW1hem9uYXdzLmNvbTEMMAoGA1UECwwDSEFCMRgwFgYDVQQDDA8qLmFtYXpv\r\nbmF3cy5jb20wggEiMA0GCSqGSIb3DQEBAQUAA4IBDwAwggEKAoIBAQCr6buvlVOh\r\nIIx/aHxNhmbBT/pEy1J1wHiEVx/ukpHe/OunQ6ZBJrTWp/Y9ZU1TLAMwDt5mer1Q\r\nz6HVx5z8l4g7PFRSme9VBdPRVBriZyq35GOlgdMyup/qqgBrjZN1dwkTQILKESQW\r\nYvSS27teuDwaCicsGeEAh/T0urA0fSvxEcT++Kh3qVOS/rp1o5hbETfCl8vg0YDT\r\nsVe2/Gr9JgYFF9yUzTQNQEimaGbJsW2avW/Usw+FWM8Fb1WJ9tV4/l6jTduRfwhi\r\nfusgkS9rwACyfIJcx4WJvDsS3EAAlei4c+WQtN4kteQ0ZaclD49TayUyHOhfYA4u\r\n6A2T2eWRbTZ3AgMBAAGjUzBRMB0GA1UdDgQWBBRwjWxyl3QVgAgGzj8oRByyIxkJ\r\npjAfBgNVHSMEGDAWgBRwjWxyl3QVgAgGzj8oRByyIxkJpjAPBgNVHRMBAf8EBTAD\r\nAQH/MA0GCSqGSIb3DQEBCwUAA4IBAQAIReO6bfxGO/KkMEJE4pkVZqaszYxcAhb4\r\nlnRzoI2eHcF5mbPbXo1lHUJqA9qAlRKeypCVN02L3wMd00eO+IwiCYBEVzf5AvHU\r\nOrn0sS1WJqDC8glysyNBkYEUNcs3W9Y5/m36GwlTnTZw3ccMGz7bF03KDVHP8xC6\r\nKiHIP5be7mlmm+cOw+3jhZaiaKBLdToYiP94EHFZgrjO1ZUH7ToVhvUFv2YzAi7k\r\niQzTar+kfEhiMIVRE7w8kfCbC/I+6qO2rOH6YllbEpmcSdY43nXO+q0F9XJ4oM4H\r\nNkd6wkAv1PF6tj391bbXxPtEXkyc/U5Cs+O4SUyGNnZE0YK4fgAc\r\n-----END CERTIFICATE-----",
            "certificate_chain": null,
            "domain_name": "*.amazonaws.com",
            "domain_validation_options": [],
            "early_renewal_duration": "",
            "id": "arn:aws:acm:us-east-1:202533543604:certificate/a7a8ccf8-cf1b-4910-b99b-f901745d95af",
            "key_algorithm": "RSA_2048",
            "not_after": "2025-10-25T11:18:04Z",
            "not_before": "2024-10-25T11:18:04Z",
            "options": [
              {
                "certificate_transparency_logging_preference": "DISABLED"
              }
            ],
            "pending_renewal": false,
            "private_key": "-----BEGIN PRIVATE KEY-----\r\nMIIEvQIBADANBgkqhkiG9w0BAQEFAASCBKcwggSjAgEAAoIBAQCr6buvlVOhIIx/\r\naHxNhmbBT/pEy1J1wHiEVx/ukpHe/OunQ6ZBJrTWp/Y9ZU1TLAMwDt5mer1Qz6HV\r\nx5z8l4g7PFRSme9VBdPRVBriZyq35GOlgdMyup/qqgBrjZN1dwkTQILKESQWYvSS\r\n27teuDwaCicsGeEAh/T0urA0fSvxEcT++Kh3qVOS/rp1o5hbETfCl8vg0YDTsVe2\r\n/Gr9JgYFF9yUzTQNQEimaGbJsW2avW/Usw+FWM8Fb1WJ9tV4/l6jTduRfwhifusg\r\nkS9rwACyfIJcx4WJvDsS3EAAlei4c+WQtN4kteQ0ZaclD49TayUyHOhfYA4u6A2T\r\n2eWRbTZ3AgMBAAECggEATveWlxjoyWLCJuQ/9Px/xtyOAXvD7QL0WRYMPPJmvx8+\r\nwB57CAJXnyKYIaue0U2uSS0LS9eljrFRjXmbywtwMIWN1kOPhGag3c7capMpND9c\r\n5nG0KeFAA/MDLmRiD9sV+Bnx+g/Vm9LotWzprKDEOtHfHIrmp+/LvX7j4bh9rsXR\r\n5FPfigHGil3ZCD6FF4fuEPbXYztix37lhDhOe/Y+AVNhDrsI73X2e60SyJKsBkex\r\nPq+Rv4wGg33kP5Aqxms61LvxNGa/lipnpnGP84pklQxLJqPR193H6wxS/rQC99Lh\r\nWbuNi8m2aAHhpukk4F1nWxCEvWO5GQIY2U6y9eFdAQKBgQDbTMXZlpD6Jo5MPqbk\r\n2vPJjkCXPXEaTp5rEdoc7o00SzOHGC7HDrwgjsJlLefvIDSb9TxaMq5IYCHuRPF6\r\nc2yiOZPowYeI8lTPp6XoG8DOvUqmN2/HfWcfzKBgZboQKOpZsl8t4bvp4Rc9F8+r\r\nH4+RVAu6Iig9f1wzzahaHV6ARwKBgQDIrtDg/lZSG+vgqKuhjpAVNmhqF8Dz/9r1\r\n3uki0jaiT/TG8buujgCrpmo4ZLQpS8QEu5rCzO+61FecOCAjyvGUruyUuQpxyknU\r\nCGLBHL/s6UgsIAuLMqMSWvJ8HjwYaLXBpENCIBU9UjciNFfxLwIV3tEHerbGCF4M\r\n1h3Y+DRgUQKBgBve2PI7UXeJOOJ1v+4r6Xm/K3RNKbenMDj5TtgIdUelGwpbR26i\r\n78PPgOMs/2IDnMwJUb9A26d1GDrY5juiubawTJzzI4+DBMZTTyF9jXZ41ijjuMAI\r\nrvd6oRM/OnNdT9NQeQoyuxgRNEveX9UmsK9OmCLyvlx6eDRZOcEiJGV3AoGANZM2\r\nAFrmAJWjqx5cc4zzujYEOg6NXJZ5hho0cy9blolx94qhaEBQvYJ36QY5cqzfb8QF\r\n1OuRNHdrzDDPo76SL/djAXFE8IvomcqDUrqyIjVFJ0KG0mp6TnQpOCl6MaoCm+eW\r\nbRjTksNYJLGEqMa778rEUxLXqJajRRoEbeAVW4ECgYEAgzg0w72I8m3Tzv0+ZfCS\r\nuvXSGqbzzdaHqkRXvc32dpXD1K4hopgSshFM1AGre9Gn1m9wSpo4EE8IkinY3y4v\r\ncNMHh9wMu3SSmbMTxMrAhKO7thL6liC74/OswQWYh3DbBqSMURR7jI3inHUBifEm\r\nRofKRfb0U79lqUD3L1KsGUA=\r\n-----END PRIVATE KEY-----",
            "renewal_eligibility": "INELIGIBLE",
            "renewal_summary": [],
            "status": "ISSUED",
            "subject_alternative_names": [
              "*.amazonaws.com"
            ],
            "tags": {
              "Env": "Lab4",
              "Name": "Certificado SSL",
              "Owner": "Dani"
            },
            "tags_all": {
              "Env": "Lab4",
              "Name": "Certificado SSL",
              "Owner": "Dani"
            },
            "type": "IMPORTED",
            "validation_emails": [],
            "validation_method": "NONE",
            "validation_option": []
          },
          "sensitive_attributes": [
            [
              {
                "type": "get_attr",
                "value": "private_key"
              }
            ]
          ],
          "private": "bnVsbA=="
        }
      ]
    },
    {
      "mode": "managed",
      "type": "aws_db_subnet_group",
      "name": "RDS-subnet",
      "provider": "provider[\"registry.terraform.io/hashicorp/aws\"]",
      "instances": [
        {
          "schema_version": 0,
          "attributes": {
            "arn": "arn:aws:rds:us-east-1:202533543604:subgrp:rds_subnet",
            "description": "Managed by Terraform",
            "id": "rds_subnet",
            "name": "rds_subnet",
            "name_prefix": "",
            "subnet_ids": [
              "subnet-015ebecf4f0167c57",
              "subnet-0effa67f830ce4e25"
            ],
            "supported_network_types": [
              "IPV4"
            ],
            "tags": {
              "env": "Lab4",
              "name": "RDS-subnet-Lab4",
              "owner": "Dani"
            },
            "tags_all": {
              "env": "Lab4",
              "name": "RDS-subnet-Lab4",
              "owner": "Dani"
            },
            "vpc_id": "vpc-05b54ba136d41130f"
          },
          "sensitive_attributes": [],
          "private": "bnVsbA==",
          "dependencies": [
            "module.vpc.aws_subnet.private",
            "module.vpc.aws_vpc.this",
            "module.vpc.aws_vpc_ipv4_cidr_block_association.this"
          ]
        }
      ]
    },
    {
      "mode": "managed",
      "type": "aws_efs_file_system",
      "name": "EFS-Lab4",
      "provider": "provider[\"registry.terraform.io/hashicorp/aws\"]",
      "instances": [
        {
          "schema_version": 0,
          "attributes": {
            "arn": "arn:aws:elasticfilesystem:us-east-1:202533543604:file-system/fs-07dece835c3c3b442",
            "availability_zone_id": "",
            "availability_zone_name": "",
            "creation_token": "efs-token",
            "dns_name": "fs-07dece835c3c3b442.efs.us-east-1.amazonaws.com",
            "encrypted": true,
            "id": "fs-07dece835c3c3b442",
            "kms_key_id": "arn:aws:kms:us-east-1:202533543604:key/06bfb3c5-ed51-4dda-a7d9-4844bc8bd603",
            "lifecycle_policy": [],
            "name": "EFS-Lab4",
            "number_of_mount_targets": 2,
            "owner_id": "202533543604",
            "performance_mode": "generalPurpose",
            "protection": [
              {
                "replication_overwrite": "ENABLED"
              }
            ],
            "provisioned_throughput_in_mibps": 0,
            "size_in_bytes": [
              {
                "value": 6144,
                "value_in_ia": 0,
                "value_in_standard": 6144
              }
            ],
            "tags": {
              "Env": "Lab4",
              "Name": "EFS-Lab4",
              "Owner": "Dani"
            },
            "tags_all": {
              "Env": "Lab4",
              "Name": "EFS-Lab4",
              "Owner": "Dani"
            },
            "throughput_mode": "bursting"
          },
          "sensitive_attributes": [],
          "private": "bnVsbA==",
          "create_before_destroy": true
        }
      ]
    },
    {
      "mode": "managed",
      "type": "aws_efs_mount_target",
      "name": "mount-EFS",
      "provider": "provider[\"registry.terraform.io/hashicorp/aws\"]",
      "instances": [
        {
          "index_key": 0,
          "schema_version": 0,
          "attributes": {
            "availability_zone_id": "use1-az1",
            "availability_zone_name": "us-east-1a",
            "dns_name": "fs-07dece835c3c3b442.efs.us-east-1.amazonaws.com",
            "file_system_arn": "arn:aws:elasticfilesystem:us-east-1:202533543604:file-system/fs-07dece835c3c3b442",
            "file_system_id": "fs-07dece835c3c3b442",
            "id": "fsmt-00ddd8b953f8adbde",
            "ip_address": "172.16.3.196",
            "mount_target_dns_name": "us-east-1a.fs-07dece835c3c3b442.efs.us-east-1.amazonaws.com",
            "network_interface_id": "eni-09e0a2614abb76ae6",
            "owner_id": "202533543604",
            "security_groups": [
              "sg-0220f9518f917ccdc"
            ],
            "subnet_id": "subnet-0effa67f830ce4e25",
            "timeouts": null
          },
          "sensitive_attributes": [],
          "private": "eyJlMmJmYjczMC1lY2FhLTExZTYtOGY4OC0zNDM2M2JjN2M0YzAiOnsiY3JlYXRlIjoxODAwMDAwMDAwMDAwLCJkZWxldGUiOjYwMDAwMDAwMDAwMH19",
          "dependencies": [
            "aws_efs_file_system.EFS-Lab4",
            "aws_security_group.SG-EFS",
            "module.vpc.aws_subnet.private",
            "module.vpc.aws_vpc.this",
            "module.vpc.aws_vpc_ipv4_cidr_block_association.this"
          ]
        },
        {
          "index_key": 1,
          "schema_version": 0,
          "attributes": {
            "availability_zone_id": "use1-az2",
            "availability_zone_name": "us-east-1b",
            "dns_name": "fs-07dece835c3c3b442.efs.us-east-1.amazonaws.com",
            "file_system_arn": "arn:aws:elasticfilesystem:us-east-1:202533543604:file-system/fs-07dece835c3c3b442",
            "file_system_id": "fs-07dece835c3c3b442",
            "id": "fsmt-0b7443e3f277116e8",
            "ip_address": "172.16.4.42",
            "mount_target_dns_name": "us-east-1b.fs-07dece835c3c3b442.efs.us-east-1.amazonaws.com",
            "network_interface_id": "eni-01e3488571e46714b",
            "owner_id": "202533543604",
            "security_groups": [
              "sg-0220f9518f917ccdc"
            ],
            "subnet_id": "subnet-015ebecf4f0167c57",
            "timeouts": null
          },
          "sensitive_attributes": [],
          "private": "eyJlMmJmYjczMC1lY2FhLTExZTYtOGY4OC0zNDM2M2JjN2M0YzAiOnsiY3JlYXRlIjoxODAwMDAwMDAwMDAwLCJkZWxldGUiOjYwMDAwMDAwMDAwMH19",
          "dependencies": [
            "aws_efs_file_system.EFS-Lab4",
            "aws_security_group.SG-EFS",
            "module.vpc.aws_subnet.private",
            "module.vpc.aws_vpc.this",
            "module.vpc.aws_vpc_ipv4_cidr_block_association.this"
          ]
        }
      ]
    },
    {
      "mode": "managed",
      "type": "aws_lb",
      "name": "alb-lab4",
      "provider": "provider[\"registry.terraform.io/hashicorp/aws\"]",
      "instances": [
        {
          "schema_version": 0,
          "attributes": {
            "access_logs": [
              {
                "bucket": "",
                "enabled": false,
                "prefix": ""
              }
            ],
            "arn": "arn:aws:elasticloadbalancing:us-east-1:202533543604:loadbalancer/app/alb-lab4/b8f96e0b96e6d2fd",
            "arn_suffix": "app/alb-lab4/b8f96e0b96e6d2fd",
            "client_keep_alive": 3600,
            "connection_logs": [
              {
                "bucket": "",
                "enabled": false,
                "prefix": ""
              }
            ],
            "customer_owned_ipv4_pool": "",
            "desync_mitigation_mode": "defensive",
            "dns_name": "alb-lab4-451762628.us-east-1.elb.amazonaws.com",
            "dns_record_client_routing_policy": null,
            "drop_invalid_header_fields": false,
            "enable_cross_zone_load_balancing": true,
            "enable_deletion_protection": false,
            "enable_http2": true,
            "enable_tls_version_and_cipher_suite_headers": false,
            "enable_waf_fail_open": false,
            "enable_xff_client_port": false,
            "enable_zonal_shift": null,
            "enforce_security_group_inbound_rules_on_private_link_traffic": "",
            "id": "arn:aws:elasticloadbalancing:us-east-1:202533543604:loadbalancer/app/alb-lab4/b8f96e0b96e6d2fd",
            "idle_timeout": 60,
            "internal": false,
            "ip_address_type": "ipv4",
            "load_balancer_type": "application",
            "name": "alb-lab4",
            "name_prefix": "",
            "preserve_host_header": false,
            "security_groups": [
              "sg-03221885b67022db3"
            ],
            "subnet_mapping": [
              {
                "allocation_id": "",
                "ipv6_address": "",
                "outpost_id": "",
                "private_ipv4_address": "",
                "subnet_id": "subnet-051fb05b81682567e"
              },
              {
                "allocation_id": "",
                "ipv6_address": "",
                "outpost_id": "",
                "private_ipv4_address": "",
                "subnet_id": "subnet-06a0e9f14248bda57"
              }
            ],
            "subnets": [
              "subnet-051fb05b81682567e",
              "subnet-06a0e9f14248bda57"
            ],
            "tags": {
              "Env": "Lab4",
              "Name": "alb-Lab4",
              "Owner": "Dani"
            },
            "tags_all": {
              "Env": "Lab4",
              "Name": "alb-Lab4",
              "Owner": "Dani"
            },
            "timeouts": null,
            "vpc_id": "vpc-05b54ba136d41130f",
            "xff_header_processing_mode": "append",
            "zone_id": "Z35SXDOTRQ7X7K"
          },
          "sensitive_attributes": [],
          "private": "eyJlMmJmYjczMC1lY2FhLTExZTYtOGY4OC0zNDM2M2JjN2M0YzAiOnsiY3JlYXRlIjo2MDAwMDAwMDAwMDAsImRlbGV0ZSI6NjAwMDAwMDAwMDAwLCJ1cGRhdGUiOjYwMDAwMDAwMDAwMH19",
          "dependencies": [
            "aws_security_group.alb_sg",
            "module.vpc.aws_subnet.public",
            "module.vpc.aws_vpc.this",
            "module.vpc.aws_vpc_ipv4_cidr_block_association.this"
          ]
        }
      ]
    },
    {
      "mode": "managed",
      "type": "aws_lb_listener",
      "name": "listener-https",
      "provider": "provider[\"registry.terraform.io/hashicorp/aws\"]",
      "instances": [
        {
          "schema_version": 0,
          "attributes": {
            "alpn_policy": null,
            "arn": "arn:aws:elasticloadbalancing:us-east-1:202533543604:listener/app/alb-lab4/b8f96e0b96e6d2fd/e932aa68fbea4723",
            "certificate_arn": "arn:aws:acm:us-east-1:202533543604:certificate/a7a8ccf8-cf1b-4910-b99b-f901745d95af",
            "default_action": [
              {
                "authenticate_cognito": [],
                "authenticate_oidc": [],
                "fixed_response": [],
                "forward": [],
                "order": 1,
                "redirect": [],
                "target_group_arn": "arn:aws:elasticloadbalancing:us-east-1:202533543604:targetgroup/tg-alb/ef5a5875830a809e",
                "type": "forward"
              }
            ],
            "id": "arn:aws:elasticloadbalancing:us-east-1:202533543604:listener/app/alb-lab4/b8f96e0b96e6d2fd/e932aa68fbea4723",
            "load_balancer_arn": "arn:aws:elasticloadbalancing:us-east-1:202533543604:loadbalancer/app/alb-lab4/b8f96e0b96e6d2fd",
            "mutual_authentication": [
              {
                "ignore_client_certificate_expiry": false,
                "mode": "off",
                "trust_store_arn": ""
              }
            ],
            "port": 443,
            "protocol": "HTTPS",
            "ssl_policy": "ELBSecurityPolicy-2016-08",
            "tags": {
              "Env": "Lab4",
              "Name": "Listener-HTTPS-Lab4",
              "Owner": "Dani"
            },
            "tags_all": {
              "Env": "Lab4",
              "Name": "Listener-HTTPS-Lab4",
              "Owner": "Dani"
            },
            "tcp_idle_timeout_seconds": null,
            "timeouts": null
          },
          "sensitive_attributes": [],
          "private": "eyJlMmJmYjczMC1lY2FhLTExZTYtOGY4OC0zNDM2M2JjN2M0YzAiOnsiY3JlYXRlIjozMDAwMDAwMDAwMDAsInVwZGF0ZSI6MzAwMDAwMDAwMDAwfX0=",
          "dependencies": [
            "aws_acm_certificate.certificado-SSL",
            "aws_lb.alb-lab4",
            "aws_lb_target_group.tg-alb",
            "aws_security_group.alb_sg",
            "module.vpc.aws_subnet.public",
            "module.vpc.aws_vpc.this",
            "module.vpc.aws_vpc_ipv4_cidr_block_association.this"
          ]
        }
      ]
    },
    {
      "mode": "managed",
      "type": "aws_lb_target_group",
      "name": "tg-alb",
      "provider": "provider[\"registry.terraform.io/hashicorp/aws\"]",
      "instances": [
        {
          "schema_version": 0,
          "attributes": {
            "arn": "arn:aws:elasticloadbalancing:us-east-1:202533543604:targetgroup/tg-alb/ef5a5875830a809e",
            "arn_suffix": "targetgroup/tg-alb/ef5a5875830a809e",
            "connection_termination": null,
            "deregistration_delay": "300",
            "health_check": [
              {
                "enabled": true,
                "healthy_threshold": 5,
                "interval": 30,
                "matcher": "200",
                "path": "/health",
                "port": "traffic-port",
                "protocol": "HTTPS",
                "timeout": 5,
                "unhealthy_threshold": 2
              }
            ],
            "id": "arn:aws:elasticloadbalancing:us-east-1:202533543604:targetgroup/tg-alb/ef5a5875830a809e",
            "ip_address_type": "ipv4",
            "lambda_multi_value_headers_enabled": false,
            "load_balancer_arns": [
              "arn:aws:elasticloadbalancing:us-east-1:202533543604:loadbalancer/app/alb-lab4/b8f96e0b96e6d2fd"
            ],
            "load_balancing_algorithm_type": "round_robin",
            "load_balancing_anomaly_mitigation": "off",
            "load_balancing_cross_zone_enabled": "use_load_balancer_configuration",
            "name": "tg-alb",
            "name_prefix": "",
            "port": 443,
            "preserve_client_ip": null,
            "protocol": "HTTPS",
            "protocol_version": "HTTP1",
            "proxy_protocol_v2": false,
            "slow_start": 0,
            "stickiness": [
              {
                "cookie_duration": 86400,
                "cookie_name": "",
                "enabled": false,
                "type": "lb_cookie"
              }
            ],
            "tags": {
              "Env": "Lab4",
              "Name": "TG-ALB-Lab4",
              "Owner": "Dani"
            },
            "tags_all": {
              "Env": "Lab4",
              "Name": "TG-ALB-Lab4",
              "Owner": "Dani"
            },
            "target_failover": [
              {
                "on_deregistration": null,
                "on_unhealthy": null
              }
            ],
            "target_group_health": [
              {
                "dns_failover": [
                  {
                    "minimum_healthy_targets_count": "1",
                    "minimum_healthy_targets_percentage": "off"
                  }
                ],
                "unhealthy_state_routing": [
                  {
                    "minimum_healthy_targets_count": 1,
                    "minimum_healthy_targets_percentage": "off"
                  }
                ]
              }
            ],
            "target_health_state": [
              {
                "enable_unhealthy_connection_termination": null,
                "unhealthy_draining_interval": null
              }
            ],
            "target_type": "instance",
            "vpc_id": "vpc-05b54ba136d41130f"
          },
          "sensitive_attributes": [],
          "private": "bnVsbA==",
          "dependencies": [
            "module.vpc.aws_vpc.this"
          ],
          "create_before_destroy": true
        }
      ]
    },
    {
      "mode": "managed",
      "type": "aws_secretsmanager_secret",
      "name": "PSQL-secret",
      "provider": "provider[\"registry.terraform.io/hashicorp/aws\"]",
      "instances": [
        {
          "schema_version": 0,
          "attributes": {
            "arn": "arn:aws:secretsmanager:us-east-1:202533543604:secret:psql-secret-CSxUN5",
            "description": "",
            "force_overwrite_replica_secret": false,
            "id": "arn:aws:secretsmanager:us-east-1:202533543604:secret:psql-secret-CSxUN5",
            "kms_key_id": "",
            "name": "psql-secret",
            "name_prefix": "",
            "policy": "",
            "recovery_window_in_days": 30,
            "replica": [],
            "tags": {},
            "tags_all": {}
          },
          "sensitive_attributes": [],
          "private": "bnVsbA=="
        }
      ]
    },
    {
      "mode": "managed",
      "type": "aws_secretsmanager_secret_version",
      "name": "PSQL-secret-version",
      "provider": "provider[\"registry.terraform.io/hashicorp/aws\"]",
      "instances": [
        {
          "schema_version": 0,
          "attributes": {
            "arn": "arn:aws:secretsmanager:us-east-1:202533543604:secret:psql-secret-CSxUN5",
            "id": "arn:aws:secretsmanager:us-east-1:202533543604:secret:psql-secret-CSxUN5|terraform-20241102182513342600000001",
            "secret_binary": "",
            "secret_id": "arn:aws:secretsmanager:us-east-1:202533543604:secret:psql-secret-CSxUN5",
            "secret_string": "{\"password\":\"!Dh\\u003eiIT?aENNARc%\",\"username\":\"dbadmin\"}",
            "version_id": "terraform-20241102182513342600000001",
            "version_stages": [
              "AWSCURRENT"
            ]
          },
          "sensitive_attributes": [
            [
              {
                "type": "get_attr",
                "value": "secret_string"
              }
            ],
            [
              {
                "type": "get_attr",
                "value": "secret_binary"
              }
            ]
          ],
          "private": "bnVsbA==",
          "dependencies": [
            "aws_secretsmanager_secret.PSQL-secret",
            "random_password.PSQL-Pass"
          ]
        }
      ]
    },
    {
      "mode": "managed",
      "type": "aws_security_group",
      "name": "SG-EFS",
      "provider": "provider[\"registry.terraform.io/hashicorp/aws\"]",
      "instances": [
        {
          "schema_version": 1,
          "attributes": {
            "arn": "arn:aws:ec2:us-east-1:202533543604:security-group/sg-0220f9518f917ccdc",
            "description": "SG para EFS",
            "egress": [
              {
                "cidr_blocks": [
                  "0.0.0.0/0"
                ],
                "description": "",
                "from_port": 0,
                "ipv6_cidr_blocks": [],
                "prefix_list_ids": [],
                "protocol": "-1",
                "security_groups": [],
                "self": false,
                "to_port": 0
              }
            ],
            "id": "sg-0220f9518f917ccdc",
            "ingress": [
              {
                "cidr_blocks": [
                  "0.0.0.0/0"
                ],
                "description": "",
                "from_port": 2049,
                "ipv6_cidr_blocks": [],
                "prefix_list_ids": [],
                "protocol": "tcp",
                "security_groups": [],
                "self": false,
                "to_port": 2049
              }
            ],
            "name": "SG-EFS",
            "name_prefix": "",
            "owner_id": "202533543604",
            "revoke_rules_on_delete": false,
            "tags": {
              "Env": "Lab4",
              "Name": "SG-EFS-Lab4",
              "Owner": "Dani"
            },
            "tags_all": {
              "Env": "Lab4",
              "Name": "SG-EFS-Lab4",
              "Owner": "Dani"
            },
            "timeouts": null,
            "vpc_id": "vpc-05b54ba136d41130f"
          },
          "sensitive_attributes": [],
          "private": "eyJlMmJmYjczMC1lY2FhLTExZTYtOGY4OC0zNDM2M2JjN2M0YzAiOnsiY3JlYXRlIjo2MDAwMDAwMDAwMDAsImRlbGV0ZSI6OTAwMDAwMDAwMDAwfSwic2NoZW1hX3ZlcnNpb24iOiIxIn0=",
          "dependencies": [
            "module.vpc.aws_vpc.this"
          ],
          "create_before_destroy": true
        }
      ]
    },
    {
      "mode": "managed",
      "type": "aws_security_group",
      "name": "SG-PSQL",
      "provider": "provider[\"registry.terraform.io/hashicorp/aws\"]",
      "instances": [
        {
          "schema_version": 1,
          "attributes": {
            "arn": "arn:aws:ec2:us-east-1:202533543604:security-group/sg-0344fe2bab2063e9e",
            "description": "Managed by Terraform",
            "egress": [
              {
                "cidr_blocks": [
                  "0.0.0.0/0"
                ],
                "description": "",
                "from_port": 0,
                "ipv6_cidr_blocks": [],
                "prefix_list_ids": [],
                "protocol": "-1",
                "security_groups": [],
                "self": false,
                "to_port": 0
              }
            ],
            "id": "sg-0344fe2bab2063e9e",
            "ingress": [
              {
                "cidr_blocks": [
                  "172.16.0.0/16"
                ],
                "description": "",
                "from_port": 5432,
                "ipv6_cidr_blocks": [],
                "prefix_list_ids": [],
                "protocol": "tcp",
                "security_groups": [],
                "self": false,
                "to_port": 5432
              }
            ],
            "name": "terraform-20241102180709385900000004",
            "name_prefix": "terraform-",
            "owner_id": "202533543604",
            "revoke_rules_on_delete": false,
            "tags": {
              "Env": "Lab4",
              "Name": "SG-PSQL-Lab4",
              "Owner": "Dani"
            },
            "tags_all": {
              "Env": "Lab4",
              "Name": "SG-PSQL-Lab4",
              "Owner": "Dani"
            },
            "timeouts": null,
            "vpc_id": "vpc-05b54ba136d41130f"
          },
          "sensitive_attributes": [],
          "private": "eyJlMmJmYjczMC1lY2FhLTExZTYtOGY4OC0zNDM2M2JjN2M0YzAiOnsiY3JlYXRlIjo2MDAwMDAwMDAwMDAsImRlbGV0ZSI6OTAwMDAwMDAwMDAwfSwic2NoZW1hX3ZlcnNpb24iOiIxIn0=",
          "dependencies": [
            "module.vpc.aws_vpc.this"
          ]
        }
      ]
    },
    {
      "mode": "managed",
      "type": "aws_security_group",
      "name": "SG-instancias",
      "provider": "provider[\"registry.terraform.io/hashicorp/aws\"]",
      "instances": [
        {
          "schema_version": 1,
          "attributes": {
            "arn": "arn:aws:ec2:us-east-1:202533543604:security-group/sg-09f0c26dd7e2f1248",
            "description": "Security Group de instancias",
            "egress": [
              {
                "cidr_blocks": [
                  "0.0.0.0/0"
                ],
                "description": "",
                "from_port": 0,
                "ipv6_cidr_blocks": [],
                "prefix_list_ids": [],
                "protocol": "-1",
                "security_groups": [],
                "self": false,
                "to_port": 0
              }
            ],
            "id": "sg-09f0c26dd7e2f1248",
            "ingress": [
              {
                "cidr_blocks": [],
                "description": "",
                "from_port": 2049,
                "ipv6_cidr_blocks": [],
                "prefix_list_ids": [],
                "protocol": "tcp",
                "security_groups": [
                  "sg-0220f9518f917ccdc"
                ],
                "self": false,
                "to_port": 2049
              },
              {
                "cidr_blocks": [],
                "description": "",
                "from_port": 80,
                "ipv6_cidr_blocks": [],
                "prefix_list_ids": [],
                "protocol": "tcp",
                "security_groups": [
                  "sg-03221885b67022db3"
                ],
                "self": false,
                "to_port": 80
              }
            ],
            "name": "SG-instancias",
            "name_prefix": "",
            "owner_id": "202533543604",
            "revoke_rules_on_delete": false,
            "tags": {
              "Env": "Lab4",
              "Name": "SG-Instancias-Lab4",
              "Owner": "Dani"
            },
            "tags_all": {
              "Env": "Lab4",
              "Name": "SG-Instancias-Lab4",
              "Owner": "Dani"
            },
            "timeouts": null,
            "vpc_id": "vpc-05b54ba136d41130f"
          },
          "sensitive_attributes": [],
          "private": "eyJlMmJmYjczMC1lY2FhLTExZTYtOGY4OC0zNDM2M2JjN2M0YzAiOnsiY3JlYXRlIjo2MDAwMDAwMDAwMDAsImRlbGV0ZSI6OTAwMDAwMDAwMDAwfSwic2NoZW1hX3ZlcnNpb24iOiIxIn0=",
          "dependencies": [
            "aws_security_group.SG-EFS",
            "aws_security_group.alb_sg",
            "module.vpc.aws_vpc.this"
          ],
          "create_before_destroy": true
        }
      ]
    },
    {
      "mode": "managed",
      "type": "aws_security_group",
      "name": "alb_sg",
      "provider": "provider[\"registry.terraform.io/hashicorp/aws\"]",
      "instances": [
        {
          "schema_version": 1,
          "attributes": {
            "arn": "arn:aws:ec2:us-east-1:202533543604:security-group/sg-03221885b67022db3",
            "description": "Security Group del ALB",
            "egress": [
              {
                "cidr_blocks": [
                  "172.16.0.0/16"
                ],
                "description": "",
                "from_port": 80,
                "ipv6_cidr_blocks": [],
                "prefix_list_ids": [],
                "protocol": "tcp",
                "security_groups": [],
                "self": false,
                "to_port": 80
              }
            ],
            "id": "sg-03221885b67022db3",
            "ingress": [
              {
                "cidr_blocks": [
                  "0.0.0.0/0"
                ],
                "description": "",
                "from_port": 443,
                "ipv6_cidr_blocks": [],
                "prefix_list_ids": [],
                "protocol": "tcp",
                "security_groups": [],
                "self": false,
                "to_port": 443
              }
            ],
            "name": "alb_sg",
            "name_prefix": "",
            "owner_id": "202533543604",
            "revoke_rules_on_delete": false,
            "tags": {
              "Env": "Lab4",
              "Name": "SG-ALB-Lab4",
              "Owner": "Dani"
            },
            "tags_all": {
              "Env": "Lab4",
              "Name": "SG-ALB-Lab4",
              "Owner": "Dani"
            },
            "timeouts": null,
            "vpc_id": "vpc-05b54ba136d41130f"
          },
          "sensitive_attributes": [],
          "private": "eyJlMmJmYjczMC1lY2FhLTExZTYtOGY4OC0zNDM2M2JjN2M0YzAiOnsiY3JlYXRlIjo2MDAwMDAwMDAwMDAsImRlbGV0ZSI6OTAwMDAwMDAwMDAwfSwic2NoZW1hX3ZlcnNpb24iOiIxIn0=",
          "dependencies": [
            "module.vpc.aws_vpc.this"
          ],
          "create_before_destroy": true
        }
      ]
    },
    {
      "mode": "managed",
      "type": "random_password",
      "name": "PSQL-Pass",
      "provider": "provider[\"registry.terraform.io/hashicorp/random\"]",
      "instances": [
        {
          "schema_version": 3,
          "attributes": {
            "bcrypt_hash": "$2a$10$kWNxCtAGlPKDT12U8hhOAeKQ0.xWWh4DLpVvE3W.iH7RODGHUJGSG",
            "id": "none",
            "keepers": null,
            "length": 16,
            "lower": true,
            "min_lower": 0,
            "min_numeric": 0,
            "min_special": 0,
            "min_upper": 0,
            "number": true,
            "numeric": true,
            "override_special": null,
            "result": "!Dh\u003eiIT?aENNARc%",
            "special": true,
            "upper": true
          },
          "sensitive_attributes": [
            [
              {
                "type": "get_attr",
                "value": "bcrypt_hash"
              }
            ],
            [
              {
                "type": "get_attr",
                "value": "result"
              }
            ]
          ]
        }
      ]
    },
    {
      "module": "module.autoscaling",
      "mode": "data",
      "type": "aws_iam_policy_document",
      "name": "assume_role_policy",
      "provider": "provider[\"registry.terraform.io/hashicorp/aws\"]",
      "instances": [
        {
          "index_key": 0,
          "schema_version": 0,
          "attributes": {
            "id": "1256122602",
            "json": "{\n  \"Version\": \"2012-10-17\",\n  \"Statement\": [\n    {\n      \"Sid\": \"EC2AssumeRole\",\n      \"Effect\": \"Allow\",\n      \"Action\": \"sts:AssumeRole\",\n      \"Principal\": {\n        \"Service\": \"ec2.amazonaws.com\"\n      }\n    }\n  ]\n}",
            "minified_json": "{\"Version\":\"2012-10-17\",\"Statement\":[{\"Sid\":\"EC2AssumeRole\",\"Effect\":\"Allow\",\"Action\":\"sts:AssumeRole\",\"Principal\":{\"Service\":\"ec2.amazonaws.com\"}}]}",
            "override_json": null,
            "override_policy_documents": null,
            "policy_id": null,
            "source_json": null,
            "source_policy_documents": null,
            "statement": [
              {
                "actions": [
                  "sts:AssumeRole"
                ],
                "condition": [],
                "effect": "Allow",
                "not_actions": [],
                "not_principals": [],
                "not_resources": [],
                "principals": [
                  {
                    "identifiers": [
                      "ec2.amazonaws.com"
                    ],
                    "type": "Service"
                  }
                ],
                "resources": [],
                "sid": "EC2AssumeRole"
              }
            ],
            "version": "2012-10-17"
          },
          "sensitive_attributes": []
        }
      ]
    },
    {
      "module": "module.autoscaling",
      "mode": "data",
      "type": "aws_partition",
      "name": "current",
      "provider": "provider[\"registry.terraform.io/hashicorp/aws\"]",
      "instances": [
        {
          "schema_version": 0,
          "attributes": {
            "dns_suffix": "amazonaws.com",
            "id": "aws",
            "partition": "aws",
            "reverse_dns_prefix": "com.amazonaws"
          },
          "sensitive_attributes": []
        }
      ]
    },
    {
      "module": "module.autoscaling",
      "mode": "managed",
      "type": "aws_autoscaling_group",
      "name": "idc",
      "provider": "provider[\"registry.terraform.io/hashicorp/aws\"]",
      "instances": []
    },
    {
      "module": "module.autoscaling",
      "mode": "managed",
      "type": "aws_autoscaling_group",
      "name": "this",
      "provider": "provider[\"registry.terraform.io/hashicorp/aws\"]",
      "instances": [
        {
          "index_key": 0,
          "schema_version": 1,
          "attributes": {
            "arn": "arn:aws:autoscaling:us-east-1:202533543604:autoScalingGroup:f719eded-ffbc-478f-b636-fa0c26242cbd:autoScalingGroupName/ASG-Lab4-20241102182517216500000004",
            "availability_zones": [
              "us-east-1a",
              "us-east-1b"
            ],
            "capacity_rebalance": false,
            "context": "",
            "default_cooldown": 300,
            "default_instance_warmup": 0,
            "desired_capacity": 2,
            "desired_capacity_type": "",
            "enabled_metrics": null,
            "force_delete": false,
            "force_delete_warm_pool": false,
            "health_check_grace_period": 300,
            "health_check_type": "ELB",
            "id": "ASG-Lab4-20241102182517216500000004",
            "ignore_failed_scaling_activities": false,
            "initial_lifecycle_hook": [],
            "instance_maintenance_policy": [],
            "instance_refresh": [],
            "launch_configuration": "",
            "launch_template": [
              {
                "id": "lt-062ecf87e6fec7e30",
                "name": "LT-Lab4-20241102182516585400000002",
                "version": "1"
              }
            ],
            "load_balancers": [],
            "max_instance_lifetime": 0,
            "max_size": 3,
            "metrics_granularity": "1Minute",
            "min_elb_capacity": null,
            "min_size": 2,
            "mixed_instances_policy": [],
            "name": "ASG-Lab4-20241102182517216500000004",
            "name_prefix": "ASG-Lab4-",
            "placement_group": "",
            "predicted_capacity": 0,
            "protect_from_scale_in": false,
            "service_linked_role_arn": "arn:aws:iam::202533543604:role/aws-service-role/autoscaling.amazonaws.com/AWSServiceRoleForAutoScaling",
            "suspended_processes": null,
            "tag": [
              {
                "key": "Name",
                "propagate_at_launch": true,
                "value": "ASG-Lab4"
              },
              {
                "key": "name",
                "propagate_at_launch": true,
                "value": "ASG-1"
              }
            ],
            "target_group_arns": [],
            "termination_policies": [],
            "timeouts": {
              "delete": null,
              "update": null
            },
            "traffic_source": [],
            "vpc_zone_identifier": [
              "subnet-015ebecf4f0167c57",
              "subnet-0effa67f830ce4e25"
            ],
            "wait_for_capacity_timeout": "10m",
            "wait_for_elb_capacity": null,
            "warm_pool": [],
            "warm_pool_size": 0
          },
          "sensitive_attributes": [],
          "private": "eyJlMmJmYjczMC1lY2FhLTExZTYtOGY4OC0zNDM2M2JjN2M0YzAiOnsiZGVsZXRlIjo2MDAwMDAwMDAwMDAsInVwZGF0ZSI6NjAwMDAwMDAwMDAwfSwic2NoZW1hX3ZlcnNpb24iOiIxIn0=",
          "dependencies": [
            "aws_efs_file_system.EFS-Lab4",
            "aws_lb_target_group.tg-alb",
            "aws_security_group.SG-EFS",
            "aws_security_group.SG-instancias",
            "aws_security_group.alb_sg",
            "module.autoscaling.aws_iam_instance_profile.this",
            "module.autoscaling.aws_iam_role.this",
            "module.autoscaling.aws_launch_template.this",
            "module.autoscaling.data.aws_iam_policy_document.assume_role_policy",
            "module.autoscaling.data.aws_partition.current",
            "module.vpc.aws_subnet.private",
            "module.vpc.aws_vpc.this",
            "module.vpc.aws_vpc_ipv4_cidr_block_association.this"
          ],
          "create_before_destroy": true
        }
      ]
    },
    {
      "module": "module.autoscaling",
      "mode": "managed",
      "type": "aws_autoscaling_traffic_source_attachment",
      "name": "this",
      "provider": "provider[\"registry.terraform.io/hashicorp/aws\"]",
      "instances": [
        {
          "index_key": "ex-alb",
          "schema_version": 0,
          "attributes": {
            "autoscaling_group_name": "ASG-Lab4-20241102182517216500000004",
            "id": "ASG-Lab4-20241102182517216500000004,elbv2,arn:aws:elasticloadbalancing:us-east-1:202533543604:targetgroup/tg-alb/ef5a5875830a809e",
            "timeouts": null,
            "traffic_source": [
              {
                "identifier": "arn:aws:elasticloadbalancing:us-east-1:202533543604:targetgroup/tg-alb/ef5a5875830a809e",
                "type": "elbv2"
              }
            ]
          },
          "sensitive_attributes": [],
          "private": "eyJlMmJmYjczMC1lY2FhLTExZTYtOGY4OC0zNDM2M2JjN2M0YzAiOnsiY3JlYXRlIjoxODAwMDAwMDAwMDAwLCJkZWxldGUiOjE4MDAwMDAwMDAwMDB9fQ==",
          "dependencies": [
            "aws_efs_file_system.EFS-Lab4",
            "aws_lb_target_group.tg-alb",
            "aws_security_group.SG-EFS",
            "aws_security_group.SG-instancias",
            "aws_security_group.alb_sg",
            "module.autoscaling.aws_autoscaling_group.idc",
            "module.autoscaling.aws_autoscaling_group.this",
            "module.autoscaling.aws_iam_instance_profile.this",
            "module.autoscaling.aws_iam_role.this",
            "module.autoscaling.aws_launch_template.this",
            "module.autoscaling.data.aws_iam_policy_document.assume_role_policy",
            "module.autoscaling.data.aws_partition.current",
            "module.vpc.aws_subnet.private",
            "module.vpc.aws_vpc.this",
            "module.vpc.aws_vpc_ipv4_cidr_block_association.this"
          ]
        }
      ]
    },
    {
      "module": "module.autoscaling",
      "mode": "managed",
      "type": "aws_iam_instance_profile",
      "name": "this",
      "provider": "provider[\"registry.terraform.io/hashicorp/aws\"]",
      "instances": [
        {
          "index_key": 0,
          "schema_version": 0,
          "attributes": {
            "arn": "arn:aws:iam::202533543604:instance-profile/ec2/ASG-SSM-2024110218071371980000000a",
            "create_date": "2024-11-02T18:07:11Z",
            "id": "ASG-SSM-2024110218071371980000000a",
            "name": "ASG-SSM-2024110218071371980000000a",
            "name_prefix": "ASG-SSM-",
            "path": "/ec2/",
            "role": "ASG-SSM-20241102180712541900000007",
            "tags": {
              "name": "ASG-1"
            },
            "tags_all": {
              "name": "ASG-1"
            },
            "unique_id": "AIPAS6J7QT22EOHYK5ZDD"
          },
          "sensitive_attributes": [],
          "private": "bnVsbA==",
          "dependencies": [
            "aws_lb_target_group.tg-alb",
            "module.autoscaling.aws_iam_role.this",
            "module.autoscaling.data.aws_iam_policy_document.assume_role_policy",
            "module.autoscaling.data.aws_partition.current",
            "module.vpc.aws_vpc.this"
          ],
          "create_before_destroy": true
        }
      ]
    },
    {
      "module": "module.autoscaling",
      "mode": "managed",
      "type": "aws_iam_role",
      "name": "this",
      "provider": "provider[\"registry.terraform.io/hashicorp/aws\"]",
      "instances": [
        {
          "index_key": 0,
          "schema_version": 0,
          "attributes": {
            "arn": "arn:aws:iam::202533543604:role/ec2/ASG-SSM-20241102180712541900000007",
            "assume_role_policy": "{\"Statement\":[{\"Action\":\"sts:AssumeRole\",\"Effect\":\"Allow\",\"Principal\":{\"Service\":\"ec2.amazonaws.com\"},\"Sid\":\"EC2AssumeRole\"}],\"Version\":\"2012-10-17\"}",
            "create_date": "2024-11-02T18:07:10Z",
            "description": "",
            "force_detach_policies": true,
            "id": "ASG-SSM-20241102180712541900000007",
            "inline_policy": [],
            "managed_policy_arns": [
              "arn:aws:iam::aws:policy/AmazonSSMManagedInstanceCore"
            ],
            "max_session_duration": 3600,
            "name": "ASG-SSM-20241102180712541900000007",
            "name_prefix": "ASG-SSM-",
            "path": "/ec2/",
            "permissions_boundary": "",
            "tags": {
              "name": "ASG-1"
            },
            "tags_all": {
              "name": "ASG-1"
            },
            "unique_id": "AROAS6J7QT22JHBXKFKX7"
          },
          "sensitive_attributes": [],
          "private": "bnVsbA==",
          "dependencies": [
            "aws_lb_target_group.tg-alb",
            "module.autoscaling.data.aws_iam_policy_document.assume_role_policy",
            "module.autoscaling.data.aws_partition.current",
            "module.vpc.aws_vpc.this"
          ],
          "create_before_destroy": true
        }
      ]
    },
    {
      "module": "module.autoscaling",
      "mode": "managed",
      "type": "aws_iam_role_policy_attachment",
      "name": "this",
      "provider": "provider[\"registry.terraform.io/hashicorp/aws\"]",
      "instances": [
        {
          "index_key": "AmazonSSMManagedInstanceCore",
          "schema_version": 0,
          "attributes": {
            "id": "ASG-SSM-20241102180712541900000007-2024110218071407230000000b",
            "policy_arn": "arn:aws:iam::aws:policy/AmazonSSMManagedInstanceCore",
            "role": "ASG-SSM-20241102180712541900000007"
          },
          "sensitive_attributes": [],
          "private": "bnVsbA==",
          "dependencies": [
            "aws_lb_target_group.tg-alb",
            "module.autoscaling.aws_iam_role.this",
            "module.autoscaling.data.aws_iam_policy_document.assume_role_policy",
            "module.autoscaling.data.aws_partition.current",
            "module.vpc.aws_vpc.this"
          ]
        }
      ]
    },
    {
      "module": "module.autoscaling",
      "mode": "managed",
      "type": "aws_launch_template",
      "name": "this",
      "provider": "provider[\"registry.terraform.io/hashicorp/aws\"]",
      "instances": [
        {
          "index_key": 0,
          "schema_version": 0,
          "attributes": {
            "arn": "arn:aws:ec2:us-east-1:202533543604:launch-template/lt-062ecf87e6fec7e30",
            "block_device_mappings": [],
            "capacity_reservation_specification": [],
            "cpu_options": [],
            "credit_specification": [],
            "default_version": 1,
            "description": "Launch Template del Laboratorio 4",
            "disable_api_stop": false,
            "disable_api_termination": false,
            "ebs_optimized": "true",
            "elastic_gpu_specifications": [],
            "elastic_inference_accelerator": [],
            "enclave_options": [],
            "hibernation_options": [],
            "iam_instance_profile": [
              {
                "arn": "arn:aws:iam::202533543604:instance-profile/ec2/ASG-SSM-2024110218071371980000000a",
                "name": ""
              }
            ],
            "id": "lt-062ecf87e6fec7e30",
            "image_id": "ami-06b21ccaeff8cd686",
            "instance_initiated_shutdown_behavior": "",
            "instance_market_options": [],
            "instance_requirements": [],
            "instance_type": "t2.micro",
            "kernel_id": "",
            "key_name": "",
            "latest_version": 1,
            "license_specification": [],
            "maintenance_options": [],
            "metadata_options": [],
            "monitoring": [
              {
                "enabled": true
              }
            ],
            "name": "LT-Lab4-20241102182516585400000002",
            "name_prefix": "LT-Lab4-",
            "network_interfaces": [],
            "placement": [],
            "private_dns_name_options": [],
            "ram_disk_id": "",
            "security_group_names": null,
            "tag_specifications": [],
            "tags": {
              "name": "ASG-1"
            },
            "tags_all": {
              "name": "ASG-1"
            },
            "update_default_version": true,
            "user_data": "IyEvYmluL2Jhc2gNCg0Kc3VkbyB5dW0gdXBkYXRlIC15DQoNCnl1bSBpbnN0YWxsIC15IGFtYXpvbi1lZnMtdXRpbHMgbmZzLXV0aWxzIGh0dHBkDQoNCm1rZGlyIC1wIC9tbnQvZWZzDQoNCm1vdW50IC10IGVmcyAtbyB0bHMgZnMtMDdkZWNlODM1YzNjM2I0NDI6LyAvbW50L2Vmcw0KDQojIEHDsWFkaXIgZWwgRUZTIGFsIC9ldGMvZnN0YWIgcGFyYSBtb250YWplIGF1dG9tw6F0aWNvIGVuIHJlaW5pY2lvcw0KZWNobyAiZnMtMDdkZWNlODM1YzNjM2I0NDI6LyAvbW50L2VmcyBlZnMgX25ldGRldix0bHMgMCAwIiA+PiAvZXRjL2ZzdGFiDQoNCnN1ZG8gc3lzdGVtY3RsIGVuYWJsZSBodHRwZA0Kc3VkbyBzeXN0ZW1jdGwgc3RhcnQgaHR0cGQNCg0KI3BhcmEgdmVyaWZpY2FyIHBlcm1pc29zDQpscyAtbGQgL21udC9lZnMvaHRtbA0KDQpzdWRvIGVjaG8gIk9LIiA+IC92YXIvd3d3L2h0bWwvaGVhbHRoDQo=",
            "vpc_security_group_ids": [
              "sg-09f0c26dd7e2f1248"
            ]
          },
          "sensitive_attributes": [],
          "private": "bnVsbA==",
          "dependencies": [
            "aws_efs_file_system.EFS-Lab4",
            "aws_lb_target_group.tg-alb",
            "aws_security_group.SG-EFS",
            "aws_security_group.SG-instancias",
            "aws_security_group.alb_sg",
            "module.autoscaling.aws_iam_instance_profile.this",
            "module.autoscaling.aws_iam_role.this",
            "module.autoscaling.data.aws_iam_policy_document.assume_role_policy",
            "module.autoscaling.data.aws_partition.current",
            "module.vpc.aws_vpc.this"
          ],
          "create_before_destroy": true
        }
      ]
    },
    {
      "module": "module.vpc",
      "mode": "managed",
      "type": "aws_default_network_acl",
      "name": "this",
      "provider": "provider[\"registry.terraform.io/hashicorp/aws\"]",
      "instances": [
        {
          "index_key": 0,
          "schema_version": 0,
          "attributes": {
            "arn": "arn:aws:ec2:us-east-1:202533543604:network-acl/acl-0cc32173192ab22b5",
            "default_network_acl_id": "acl-0cc32173192ab22b5",
            "egress": [
              {
                "action": "allow",
                "cidr_block": "",
                "from_port": 0,
                "icmp_code": 0,
                "icmp_type": 0,
                "ipv6_cidr_block": "::/0",
                "protocol": "-1",
                "rule_no": 101,
                "to_port": 0
              },
              {
                "action": "allow",
                "cidr_block": "0.0.0.0/0",
                "from_port": 0,
                "icmp_code": 0,
                "icmp_type": 0,
                "ipv6_cidr_block": "",
                "protocol": "-1",
                "rule_no": 100,
                "to_port": 0
              }
            ],
            "id": "acl-0cc32173192ab22b5",
            "ingress": [
              {
                "action": "allow",
                "cidr_block": "",
                "from_port": 0,
                "icmp_code": 0,
                "icmp_type": 0,
                "ipv6_cidr_block": "::/0",
                "protocol": "-1",
                "rule_no": 101,
                "to_port": 0
              },
              {
                "action": "allow",
                "cidr_block": "0.0.0.0/0",
                "from_port": 0,
                "icmp_code": 0,
                "icmp_type": 0,
                "ipv6_cidr_block": "",
                "protocol": "-1",
                "rule_no": 100,
                "to_port": 0
              }
            ],
            "owner_id": "202533543604",
            "subnet_ids": [
              "subnet-015ebecf4f0167c57",
              "subnet-051fb05b81682567e",
              "subnet-06a0e9f14248bda57",
              "subnet-0effa67f830ce4e25"
            ],
            "tags": {
              "Env": "Lab4",
              "Name": "VPC-Lab4",
              "Owner": "Dani"
            },
            "tags_all": {
              "Env": "Lab4",
              "Name": "VPC-Lab4",
              "Owner": "Dani"
            },
            "vpc_id": "vpc-05b54ba136d41130f"
          },
          "sensitive_attributes": [],
          "private": "bnVsbA==",
          "dependencies": [
            "module.vpc.aws_vpc.this"
          ]
        }
      ]
    },
    {
      "module": "module.vpc",
      "mode": "managed",
      "type": "aws_default_route_table",
      "name": "default",
      "provider": "provider[\"registry.terraform.io/hashicorp/aws\"]",
      "instances": [
        {
          "index_key": 0,
          "schema_version": 0,
          "attributes": {
            "arn": "arn:aws:ec2:us-east-1:202533543604:route-table/rtb-092c0d29fd080ea01",
            "default_route_table_id": "rtb-092c0d29fd080ea01",
            "id": "rtb-092c0d29fd080ea01",
            "owner_id": "202533543604",
            "propagating_vgws": [],
            "route": [],
            "tags": {
              "Env": "Lab4",
              "Name": "VPC-Lab4",
              "Owner": "Dani"
            },
            "tags_all": {
              "Env": "Lab4",
              "Name": "VPC-Lab4",
              "Owner": "Dani"
            },
            "timeouts": {
              "create": "5m",
              "update": "5m"
            },
            "vpc_id": "vpc-05b54ba136d41130f"
          },
          "sensitive_attributes": [],
          "private": "eyJlMmJmYjczMC1lY2FhLTExZTYtOGY4OC0zNDM2M2JjN2M0YzAiOnsiY3JlYXRlIjozMDAwMDAwMDAwMDAsInVwZGF0ZSI6MzAwMDAwMDAwMDAwfX0=",
          "dependencies": [
            "module.vpc.aws_vpc.this"
          ]
        }
      ]
    },
    {
      "module": "module.vpc",
      "mode": "managed",
      "type": "aws_default_security_group",
      "name": "this",
      "provider": "provider[\"registry.terraform.io/hashicorp/aws\"]",
      "instances": [
        {
          "index_key": 0,
          "schema_version": 1,
          "attributes": {
            "arn": "arn:aws:ec2:us-east-1:202533543604:security-group/sg-029564a50ea3ceaf8",
            "description": "default VPC security group",
            "egress": [],
            "id": "sg-029564a50ea3ceaf8",
            "ingress": [],
            "name": "default",
            "name_prefix": "",
            "owner_id": "202533543604",
            "revoke_rules_on_delete": false,
            "tags": {
              "Env": "Lab4",
              "Name": "VPC-Lab4",
              "Owner": "Dani"
            },
            "tags_all": {
              "Env": "Lab4",
              "Name": "VPC-Lab4",
              "Owner": "Dani"
            },
            "vpc_id": "vpc-05b54ba136d41130f"
          },
          "sensitive_attributes": [],
          "private": "eyJzY2hlbWFfdmVyc2lvbiI6IjEifQ==",
          "dependencies": [
            "module.vpc.aws_vpc.this"
          ]
        }
      ]
    },
    {
      "module": "module.vpc",
      "mode": "managed",
      "type": "aws_default_vpc",
      "name": "this",
      "provider": "provider[\"registry.terraform.io/hashicorp/aws\"]",
      "instances": []
    },
    {
      "module": "module.vpc",
      "mode": "managed",
      "type": "aws_eip",
      "name": "nat",
      "provider": "provider[\"registry.terraform.io/hashicorp/aws\"]",
      "instances": [
        {
          "index_key": 0,
          "schema_version": 0,
          "attributes": {
            "address": null,
            "allocation_id": "eipalloc-022975e7c2cc3fc4e",
            "arn": "arn:aws:ec2:us-east-1:202533543604:elastic-ip/eipalloc-022975e7c2cc3fc4e",
            "associate_with_private_ip": null,
            "association_id": "eipassoc-00bb38e495077b08c",
            "carrier_ip": "",
            "customer_owned_ip": "",
            "customer_owned_ipv4_pool": "",
            "domain": "vpc",
            "id": "eipalloc-022975e7c2cc3fc4e",
            "instance": "",
            "ipam_pool_id": null,
            "network_border_group": "us-east-1",
            "network_interface": "eni-02e0a18f455d07e6e",
            "private_dns": "ip-172-16-1-188.ec2.internal",
            "private_ip": "172.16.1.188",
            "ptr_record": "",
            "public_dns": "ec2-98-83-72-235.compute-1.amazonaws.com",
            "public_ip": "98.83.72.235",
            "public_ipv4_pool": "amazon",
            "tags": {
              "Env": "Lab4",
              "Name": "VPC-Lab4",
              "Owner": "Dani"
            },
            "tags_all": {
              "Env": "Lab4",
              "Name": "VPC-Lab4",
              "Owner": "Dani"
            },
            "timeouts": null,
            "vpc": true
          },
          "sensitive_attributes": [],
          "private": "eyJlMmJmYjczMC1lY2FhLTExZTYtOGY4OC0zNDM2M2JjN2M0YzAiOnsiZGVsZXRlIjoxODAwMDAwMDAwMDAsInJlYWQiOjkwMDAwMDAwMDAwMCwidXBkYXRlIjozMDAwMDAwMDAwMDB9fQ==",
          "dependencies": [
            "module.vpc.aws_internet_gateway.this",
            "module.vpc.aws_vpc.this",
            "module.vpc.aws_vpc_ipv4_cidr_block_association.this"
          ]
        },
        {
          "index_key": 1,
          "schema_version": 0,
          "attributes": {
            "address": null,
            "allocation_id": "eipalloc-0a5532478c5f73786",
            "arn": "arn:aws:ec2:us-east-1:202533543604:elastic-ip/eipalloc-0a5532478c5f73786",
            "associate_with_private_ip": null,
            "association_id": "eipassoc-0044777cf4535baac",
            "carrier_ip": "",
            "customer_owned_ip": "",
            "customer_owned_ipv4_pool": "",
            "domain": "vpc",
            "id": "eipalloc-0a5532478c5f73786",
            "instance": "",
            "ipam_pool_id": null,
            "network_border_group": "us-east-1",
            "network_interface": "eni-05e4e7b53d7fbd907",
            "private_dns": "ip-172-16-2-131.ec2.internal",
            "private_ip": "172.16.2.131",
            "ptr_record": "",
            "public_dns": "ec2-98-83-225-155.compute-1.amazonaws.com",
            "public_ip": "98.83.225.155",
            "public_ipv4_pool": "amazon",
            "tags": {
              "Env": "Lab4",
              "Name": "VPC-Lab4",
              "Owner": "Dani"
            },
            "tags_all": {
              "Env": "Lab4",
              "Name": "VPC-Lab4",
              "Owner": "Dani"
            },
            "timeouts": null,
            "vpc": true
          },
          "sensitive_attributes": [],
          "private": "eyJlMmJmYjczMC1lY2FhLTExZTYtOGY4OC0zNDM2M2JjN2M0YzAiOnsiZGVsZXRlIjoxODAwMDAwMDAwMDAsInJlYWQiOjkwMDAwMDAwMDAwMCwidXBkYXRlIjozMDAwMDAwMDAwMDB9fQ==",
          "dependencies": [
            "module.vpc.aws_internet_gateway.this",
            "module.vpc.aws_vpc.this",
            "module.vpc.aws_vpc_ipv4_cidr_block_association.this"
          ]
        }
      ]
    },
    {
      "module": "module.vpc",
      "mode": "managed",
      "type": "aws_internet_gateway",
      "name": "this",
      "provider": "provider[\"registry.terraform.io/hashicorp/aws\"]",
      "instances": [
        {
          "index_key": 0,
          "schema_version": 0,
          "attributes": {
            "arn": "arn:aws:ec2:us-east-1:202533543604:internet-gateway/igw-0d1bb40d455725d20",
            "id": "igw-0d1bb40d455725d20",
            "owner_id": "202533543604",
            "tags": {
              "Env": "Lab4",
              "Name": "VPC-Lab4",
              "Owner": "Dani"
            },
            "tags_all": {
              "Env": "Lab4",
              "Name": "VPC-Lab4",
              "Owner": "Dani"
            },
            "timeouts": null,
            "vpc_id": "vpc-05b54ba136d41130f"
          },
          "sensitive_attributes": [],
          "private": "eyJlMmJmYjczMC1lY2FhLTExZTYtOGY4OC0zNDM2M2JjN2M0YzAiOnsiY3JlYXRlIjoxMjAwMDAwMDAwMDAwLCJkZWxldGUiOjEyMDAwMDAwMDAwMDAsInVwZGF0ZSI6MTIwMDAwMDAwMDAwMH19",
          "dependencies": [
            "module.vpc.aws_vpc.this",
            "module.vpc.aws_vpc_ipv4_cidr_block_association.this"
          ]
        }
      ]
    },
    {
      "module": "module.vpc",
      "mode": "managed",
      "type": "aws_nat_gateway",
      "name": "this",
      "provider": "provider[\"registry.terraform.io/hashicorp/aws\"]",
      "instances": [
        {
          "index_key": 0,
          "schema_version": 0,
          "attributes": {
            "allocation_id": "eipalloc-022975e7c2cc3fc4e",
            "association_id": "eipassoc-00bb38e495077b08c",
            "connectivity_type": "public",
            "id": "nat-03ae891e505fe315c",
            "network_interface_id": "eni-02e0a18f455d07e6e",
            "private_ip": "172.16.1.188",
            "public_ip": "98.83.72.235",
            "secondary_allocation_ids": [],
            "secondary_private_ip_address_count": 0,
            "secondary_private_ip_addresses": [],
            "subnet_id": "subnet-06a0e9f14248bda57",
            "tags": {
              "Env": "Lab4",
              "Name": "VPC-Lab4",
              "Owner": "Dani"
            },
            "tags_all": {
              "Env": "Lab4",
              "Name": "VPC-Lab4",
              "Owner": "Dani"
            },
            "timeouts": null
          },
          "sensitive_attributes": [],
          "private": "eyJlMmJmYjczMC1lY2FhLTExZTYtOGY4OC0zNDM2M2JjN2M0YzAiOnsiY3JlYXRlIjo2MDAwMDAwMDAwMDAsImRlbGV0ZSI6MTgwMDAwMDAwMDAwMCwidXBkYXRlIjo2MDAwMDAwMDAwMDB9fQ==",
          "dependencies": [
            "module.vpc.aws_eip.nat",
            "module.vpc.aws_internet_gateway.this",
            "module.vpc.aws_subnet.public",
            "module.vpc.aws_vpc.this",
            "module.vpc.aws_vpc_ipv4_cidr_block_association.this"
          ]
        },
        {
          "index_key": 1,
          "schema_version": 0,
          "attributes": {
            "allocation_id": "eipalloc-0a5532478c5f73786",
            "association_id": "eipassoc-0044777cf4535baac",
            "connectivity_type": "public",
            "id": "nat-0fa1ce80fbb7bbdb5",
            "network_interface_id": "eni-05e4e7b53d7fbd907",
            "private_ip": "172.16.2.131",
            "public_ip": "98.83.225.155",
            "secondary_allocation_ids": [],
            "secondary_private_ip_address_count": 0,
            "secondary_private_ip_addresses": [],
            "subnet_id": "subnet-051fb05b81682567e",
            "tags": {
              "Env": "Lab4",
              "Name": "VPC-Lab4",
              "Owner": "Dani"
            },
            "tags_all": {
              "Env": "Lab4",
              "Name": "VPC-Lab4",
              "Owner": "Dani"
            },
            "timeouts": null
          },
          "sensitive_attributes": [],
          "private": "eyJlMmJmYjczMC1lY2FhLTExZTYtOGY4OC0zNDM2M2JjN2M0YzAiOnsiY3JlYXRlIjo2MDAwMDAwMDAwMDAsImRlbGV0ZSI6MTgwMDAwMDAwMDAwMCwidXBkYXRlIjo2MDAwMDAwMDAwMDB9fQ==",
          "dependencies": [
            "module.vpc.aws_eip.nat",
            "module.vpc.aws_internet_gateway.this",
            "module.vpc.aws_subnet.public",
            "module.vpc.aws_vpc.this",
            "module.vpc.aws_vpc_ipv4_cidr_block_association.this"
          ]
        }
      ]
    },
    {
      "module": "module.vpc",
      "mode": "managed",
      "type": "aws_route",
      "name": "private_nat_gateway",
      "provider": "provider[\"registry.terraform.io/hashicorp/aws\"]",
      "instances": [
        {
          "index_key": 0,
          "schema_version": 0,
          "attributes": {
            "carrier_gateway_id": "",
            "core_network_arn": "",
            "destination_cidr_block": "0.0.0.0/0",
            "destination_ipv6_cidr_block": "",
            "destination_prefix_list_id": "",
            "egress_only_gateway_id": "",
            "gateway_id": "",
            "id": "r-rtb-02177121c8746a48f1080289494",
            "instance_id": "",
            "instance_owner_id": "",
            "local_gateway_id": "",
            "nat_gateway_id": "nat-03ae891e505fe315c",
            "network_interface_id": "",
            "origin": "CreateRoute",
            "route_table_id": "rtb-02177121c8746a48f",
            "state": "active",
            "timeouts": {
              "create": "5m",
              "delete": null,
              "update": null
            },
            "transit_gateway_id": "",
            "vpc_endpoint_id": "",
            "vpc_peering_connection_id": ""
          },
          "sensitive_attributes": [],
          "private": "eyJlMmJmYjczMC1lY2FhLTExZTYtOGY4OC0zNDM2M2JjN2M0YzAiOnsiY3JlYXRlIjozMDAwMDAwMDAwMDAsImRlbGV0ZSI6MzAwMDAwMDAwMDAwLCJ1cGRhdGUiOjEyMDAwMDAwMDAwMH19",
          "dependencies": [
            "module.vpc.aws_eip.nat",
            "module.vpc.aws_internet_gateway.this",
            "module.vpc.aws_nat_gateway.this",
            "module.vpc.aws_route_table.private",
            "module.vpc.aws_subnet.public",
            "module.vpc.aws_vpc.this",
            "module.vpc.aws_vpc_ipv4_cidr_block_association.this"
          ]
        },
        {
          "index_key": 1,
          "schema_version": 0,
          "attributes": {
            "carrier_gateway_id": "",
            "core_network_arn": "",
            "destination_cidr_block": "0.0.0.0/0",
            "destination_ipv6_cidr_block": "",
            "destination_prefix_list_id": "",
            "egress_only_gateway_id": "",
            "gateway_id": "",
            "id": "r-rtb-086a897d4df8b08b71080289494",
            "instance_id": "",
            "instance_owner_id": "",
            "local_gateway_id": "",
            "nat_gateway_id": "nat-0fa1ce80fbb7bbdb5",
            "network_interface_id": "",
            "origin": "CreateRoute",
            "route_table_id": "rtb-086a897d4df8b08b7",
            "state": "active",
            "timeouts": {
              "create": "5m",
              "delete": null,
              "update": null
            },
            "transit_gateway_id": "",
            "vpc_endpoint_id": "",
            "vpc_peering_connection_id": ""
          },
          "sensitive_attributes": [],
          "private": "eyJlMmJmYjczMC1lY2FhLTExZTYtOGY4OC0zNDM2M2JjN2M0YzAiOnsiY3JlYXRlIjozMDAwMDAwMDAwMDAsImRlbGV0ZSI6MzAwMDAwMDAwMDAwLCJ1cGRhdGUiOjEyMDAwMDAwMDAwMH19",
          "dependencies": [
            "module.vpc.aws_eip.nat",
            "module.vpc.aws_internet_gateway.this",
            "module.vpc.aws_nat_gateway.this",
            "module.vpc.aws_route_table.private",
            "module.vpc.aws_subnet.public",
            "module.vpc.aws_vpc.this",
            "module.vpc.aws_vpc_ipv4_cidr_block_association.this"
          ]
        }
      ]
    },
    {
      "module": "module.vpc",
      "mode": "managed",
      "type": "aws_route",
      "name": "public_internet_gateway",
      "provider": "provider[\"registry.terraform.io/hashicorp/aws\"]",
      "instances": [
        {
          "index_key": 0,
          "schema_version": 0,
          "attributes": {
            "carrier_gateway_id": "",
            "core_network_arn": "",
            "destination_cidr_block": "0.0.0.0/0",
            "destination_ipv6_cidr_block": "",
            "destination_prefix_list_id": "",
            "egress_only_gateway_id": "",
            "gateway_id": "igw-0d1bb40d455725d20",
            "id": "r-rtb-057e575d7fabe65571080289494",
            "instance_id": "",
            "instance_owner_id": "",
            "local_gateway_id": "",
            "nat_gateway_id": "",
            "network_interface_id": "",
            "origin": "CreateRoute",
            "route_table_id": "rtb-057e575d7fabe6557",
            "state": "active",
            "timeouts": {
              "create": "5m",
              "delete": null,
              "update": null
            },
            "transit_gateway_id": "",
            "vpc_endpoint_id": "",
            "vpc_peering_connection_id": ""
          },
          "sensitive_attributes": [],
          "private": "eyJlMmJmYjczMC1lY2FhLTExZTYtOGY4OC0zNDM2M2JjN2M0YzAiOnsiY3JlYXRlIjozMDAwMDAwMDAwMDAsImRlbGV0ZSI6MzAwMDAwMDAwMDAwLCJ1cGRhdGUiOjEyMDAwMDAwMDAwMH19",
          "dependencies": [
            "module.vpc.aws_internet_gateway.this",
            "module.vpc.aws_route_table.public",
            "module.vpc.aws_vpc.this",
            "module.vpc.aws_vpc_ipv4_cidr_block_association.this"
          ]
        }
      ]
    },
    {
      "module": "module.vpc",
      "mode": "managed",
      "type": "aws_route_table",
      "name": "private",
      "provider": "provider[\"registry.terraform.io/hashicorp/aws\"]",
      "instances": [
        {
          "index_key": 0,
          "schema_version": 0,
          "attributes": {
            "arn": "arn:aws:ec2:us-east-1:202533543604:route-table/rtb-02177121c8746a48f",
            "id": "rtb-02177121c8746a48f",
            "owner_id": "202533543604",
            "propagating_vgws": [],
            "route": [
              {
                "carrier_gateway_id": "",
                "cidr_block": "0.0.0.0/0",
                "core_network_arn": "",
                "destination_prefix_list_id": "",
                "egress_only_gateway_id": "",
                "gateway_id": "",
                "ipv6_cidr_block": "",
                "local_gateway_id": "",
                "nat_gateway_id": "nat-03ae891e505fe315c",
                "network_interface_id": "",
                "transit_gateway_id": "",
                "vpc_endpoint_id": "",
                "vpc_peering_connection_id": ""
              }
            ],
            "tags": {
              "Env": "Lab4",
              "Name": "VPC-Lab4",
              "Owner": "Dani"
            },
            "tags_all": {
              "Env": "Lab4",
              "Name": "VPC-Lab4",
              "Owner": "Dani"
            },
            "timeouts": null,
            "vpc_id": "vpc-05b54ba136d41130f"
          },
          "sensitive_attributes": [],
          "private": "eyJlMmJmYjczMC1lY2FhLTExZTYtOGY4OC0zNDM2M2JjN2M0YzAiOnsiY3JlYXRlIjozMDAwMDAwMDAwMDAsImRlbGV0ZSI6MzAwMDAwMDAwMDAwLCJ1cGRhdGUiOjEyMDAwMDAwMDAwMH19",
          "dependencies": [
            "module.vpc.aws_vpc.this",
            "module.vpc.aws_vpc_ipv4_cidr_block_association.this"
          ]
        },
        {
          "index_key": 1,
          "schema_version": 0,
          "attributes": {
            "arn": "arn:aws:ec2:us-east-1:202533543604:route-table/rtb-086a897d4df8b08b7",
            "id": "rtb-086a897d4df8b08b7",
            "owner_id": "202533543604",
            "propagating_vgws": [],
            "route": [
              {
                "carrier_gateway_id": "",
                "cidr_block": "0.0.0.0/0",
                "core_network_arn": "",
                "destination_prefix_list_id": "",
                "egress_only_gateway_id": "",
                "gateway_id": "",
                "ipv6_cidr_block": "",
                "local_gateway_id": "",
                "nat_gateway_id": "nat-0fa1ce80fbb7bbdb5",
                "network_interface_id": "",
                "transit_gateway_id": "",
                "vpc_endpoint_id": "",
                "vpc_peering_connection_id": ""
              }
            ],
            "tags": {
              "Env": "Lab4",
              "Name": "VPC-Lab4",
              "Owner": "Dani"
            },
            "tags_all": {
              "Env": "Lab4",
              "Name": "VPC-Lab4",
              "Owner": "Dani"
            },
            "timeouts": null,
            "vpc_id": "vpc-05b54ba136d41130f"
          },
          "sensitive_attributes": [],
          "private": "eyJlMmJmYjczMC1lY2FhLTExZTYtOGY4OC0zNDM2M2JjN2M0YzAiOnsiY3JlYXRlIjozMDAwMDAwMDAwMDAsImRlbGV0ZSI6MzAwMDAwMDAwMDAwLCJ1cGRhdGUiOjEyMDAwMDAwMDAwMH19",
          "dependencies": [
            "module.vpc.aws_vpc.this",
            "module.vpc.aws_vpc_ipv4_cidr_block_association.this"
          ]
        }
      ]
    },
    {
      "module": "module.vpc",
      "mode": "managed",
      "type": "aws_route_table",
      "name": "public",
      "provider": "provider[\"registry.terraform.io/hashicorp/aws\"]",
      "instances": [
        {
          "index_key": 0,
          "schema_version": 0,
          "attributes": {
            "arn": "arn:aws:ec2:us-east-1:202533543604:route-table/rtb-057e575d7fabe6557",
            "id": "rtb-057e575d7fabe6557",
            "owner_id": "202533543604",
            "propagating_vgws": [],
            "route": [
              {
                "carrier_gateway_id": "",
                "cidr_block": "0.0.0.0/0",
                "core_network_arn": "",
                "destination_prefix_list_id": "",
                "egress_only_gateway_id": "",
                "gateway_id": "igw-0d1bb40d455725d20",
                "ipv6_cidr_block": "",
                "local_gateway_id": "",
                "nat_gateway_id": "",
                "network_interface_id": "",
                "transit_gateway_id": "",
                "vpc_endpoint_id": "",
                "vpc_peering_connection_id": ""
              }
            ],
            "tags": {
              "Env": "Lab4",
              "Name": "VPC-Lab4",
              "Owner": "Dani"
            },
            "tags_all": {
              "Env": "Lab4",
              "Name": "VPC-Lab4",
              "Owner": "Dani"
            },
            "timeouts": null,
            "vpc_id": "vpc-05b54ba136d41130f"
          },
          "sensitive_attributes": [],
          "private": "eyJlMmJmYjczMC1lY2FhLTExZTYtOGY4OC0zNDM2M2JjN2M0YzAiOnsiY3JlYXRlIjozMDAwMDAwMDAwMDAsImRlbGV0ZSI6MzAwMDAwMDAwMDAwLCJ1cGRhdGUiOjEyMDAwMDAwMDAwMH19",
          "dependencies": [
            "module.vpc.aws_vpc.this",
            "module.vpc.aws_vpc_ipv4_cidr_block_association.this"
          ]
        }
      ]
    },
    {
      "module": "module.vpc",
      "mode": "managed",
      "type": "aws_route_table_association",
      "name": "private",
      "provider": "provider[\"registry.terraform.io/hashicorp/aws\"]",
      "instances": [
        {
          "index_key": 0,
          "schema_version": 0,
          "attributes": {
            "gateway_id": "",
            "id": "rtbassoc-081b6ad8fba3bf2c4",
            "route_table_id": "rtb-02177121c8746a48f",
            "subnet_id": "subnet-0effa67f830ce4e25",
            "timeouts": null
          },
          "sensitive_attributes": [],
          "private": "eyJlMmJmYjczMC1lY2FhLTExZTYtOGY4OC0zNDM2M2JjN2M0YzAiOnsiY3JlYXRlIjozMDAwMDAwMDAwMDAsImRlbGV0ZSI6MzAwMDAwMDAwMDAwLCJ1cGRhdGUiOjEyMDAwMDAwMDAwMH19",
          "dependencies": [
            "module.vpc.aws_route_table.private",
            "module.vpc.aws_subnet.private",
            "module.vpc.aws_vpc.this",
            "module.vpc.aws_vpc_ipv4_cidr_block_association.this"
          ]
        },
        {
          "index_key": 1,
          "schema_version": 0,
          "attributes": {
            "gateway_id": "",
            "id": "rtbassoc-05c2989f050ee3c17",
            "route_table_id": "rtb-086a897d4df8b08b7",
            "subnet_id": "subnet-015ebecf4f0167c57",
            "timeouts": null
          },
          "sensitive_attributes": [],
          "private": "eyJlMmJmYjczMC1lY2FhLTExZTYtOGY4OC0zNDM2M2JjN2M0YzAiOnsiY3JlYXRlIjozMDAwMDAwMDAwMDAsImRlbGV0ZSI6MzAwMDAwMDAwMDAwLCJ1cGRhdGUiOjEyMDAwMDAwMDAwMH19",
          "dependencies": [
            "module.vpc.aws_route_table.private",
            "module.vpc.aws_subnet.private",
            "module.vpc.aws_vpc.this",
            "module.vpc.aws_vpc_ipv4_cidr_block_association.this"
          ]
        }
      ]
    },
    {
      "module": "module.vpc",
      "mode": "managed",
      "type": "aws_route_table_association",
      "name": "public",
      "provider": "provider[\"registry.terraform.io/hashicorp/aws\"]",
      "instances": [
        {
          "index_key": 0,
          "schema_version": 0,
          "attributes": {
            "gateway_id": "",
            "id": "rtbassoc-0f7da116e55496b87",
            "route_table_id": "rtb-057e575d7fabe6557",
            "subnet_id": "subnet-06a0e9f14248bda57",
            "timeouts": null
          },
          "sensitive_attributes": [],
          "private": "eyJlMmJmYjczMC1lY2FhLTExZTYtOGY4OC0zNDM2M2JjN2M0YzAiOnsiY3JlYXRlIjozMDAwMDAwMDAwMDAsImRlbGV0ZSI6MzAwMDAwMDAwMDAwLCJ1cGRhdGUiOjEyMDAwMDAwMDAwMH19",
          "dependencies": [
            "module.vpc.aws_route_table.public",
            "module.vpc.aws_subnet.public",
            "module.vpc.aws_vpc.this",
            "module.vpc.aws_vpc_ipv4_cidr_block_association.this"
          ]
        },
        {
          "index_key": 1,
          "schema_version": 0,
          "attributes": {
            "gateway_id": "",
            "id": "rtbassoc-0939e42a70b5d5056",
            "route_table_id": "rtb-057e575d7fabe6557",
            "subnet_id": "subnet-051fb05b81682567e",
            "timeouts": null
          },
          "sensitive_attributes": [],
          "private": "eyJlMmJmYjczMC1lY2FhLTExZTYtOGY4OC0zNDM2M2JjN2M0YzAiOnsiY3JlYXRlIjozMDAwMDAwMDAwMDAsImRlbGV0ZSI6MzAwMDAwMDAwMDAwLCJ1cGRhdGUiOjEyMDAwMDAwMDAwMH19",
          "dependencies": [
            "module.vpc.aws_route_table.public",
            "module.vpc.aws_subnet.public",
            "module.vpc.aws_vpc.this",
            "module.vpc.aws_vpc_ipv4_cidr_block_association.this"
          ]
        }
      ]
    },
    {
      "module": "module.vpc",
      "mode": "managed",
      "type": "aws_subnet",
      "name": "private",
      "provider": "provider[\"registry.terraform.io/hashicorp/aws\"]",
      "instances": [
        {
          "index_key": 0,
          "schema_version": 1,
          "attributes": {
            "arn": "arn:aws:ec2:us-east-1:202533543604:subnet/subnet-0effa67f830ce4e25",
            "assign_ipv6_address_on_creation": false,
            "availability_zone": "us-east-1a",
            "availability_zone_id": "use1-az1",
            "cidr_block": "172.16.3.0/24",
            "customer_owned_ipv4_pool": "",
            "enable_dns64": false,
            "enable_lni_at_device_index": 0,
            "enable_resource_name_dns_a_record_on_launch": false,
            "enable_resource_name_dns_aaaa_record_on_launch": false,
            "id": "subnet-0effa67f830ce4e25",
            "ipv6_cidr_block": "",
            "ipv6_cidr_block_association_id": "",
            "ipv6_native": false,
            "map_customer_owned_ip_on_launch": false,
            "map_public_ip_on_launch": false,
            "outpost_arn": "",
            "owner_id": "202533543604",
            "private_dns_hostname_type_on_launch": "ip-name",
            "tags": {
              "Env": "Lab4",
              "Name": "VPC-Lab4",
              "Owner": "Dani"
            },
            "tags_all": {
              "Env": "Lab4",
              "Name": "VPC-Lab4",
              "Owner": "Dani"
            },
            "timeouts": null,
            "vpc_id": "vpc-05b54ba136d41130f"
          },
          "sensitive_attributes": [],
          "private": "eyJlMmJmYjczMC1lY2FhLTExZTYtOGY4OC0zNDM2M2JjN2M0YzAiOnsiY3JlYXRlIjo2MDAwMDAwMDAwMDAsImRlbGV0ZSI6MTIwMDAwMDAwMDAwMH0sInNjaGVtYV92ZXJzaW9uIjoiMSJ9",
          "dependencies": [
            "module.vpc.aws_vpc.this",
            "module.vpc.aws_vpc_ipv4_cidr_block_association.this"
          ],
          "create_before_destroy": true
        },
        {
          "index_key": 1,
          "schema_version": 1,
          "attributes": {
            "arn": "arn:aws:ec2:us-east-1:202533543604:subnet/subnet-015ebecf4f0167c57",
            "assign_ipv6_address_on_creation": false,
            "availability_zone": "us-east-1b",
            "availability_zone_id": "use1-az2",
            "cidr_block": "172.16.4.0/24",
            "customer_owned_ipv4_pool": "",
            "enable_dns64": false,
            "enable_lni_at_device_index": 0,
            "enable_resource_name_dns_a_record_on_launch": false,
            "enable_resource_name_dns_aaaa_record_on_launch": false,
            "id": "subnet-015ebecf4f0167c57",
            "ipv6_cidr_block": "",
            "ipv6_cidr_block_association_id": "",
            "ipv6_native": false,
            "map_customer_owned_ip_on_launch": false,
            "map_public_ip_on_launch": false,
            "outpost_arn": "",
            "owner_id": "202533543604",
            "private_dns_hostname_type_on_launch": "ip-name",
            "tags": {
              "Env": "Lab4",
              "Name": "VPC-Lab4",
              "Owner": "Dani"
            },
            "tags_all": {
              "Env": "Lab4",
              "Name": "VPC-Lab4",
              "Owner": "Dani"
            },
            "timeouts": null,
            "vpc_id": "vpc-05b54ba136d41130f"
          },
          "sensitive_attributes": [],
          "private": "eyJlMmJmYjczMC1lY2FhLTExZTYtOGY4OC0zNDM2M2JjN2M0YzAiOnsiY3JlYXRlIjo2MDAwMDAwMDAwMDAsImRlbGV0ZSI6MTIwMDAwMDAwMDAwMH0sInNjaGVtYV92ZXJzaW9uIjoiMSJ9",
          "dependencies": [
            "module.vpc.aws_vpc.this",
            "module.vpc.aws_vpc_ipv4_cidr_block_association.this"
          ],
          "create_before_destroy": true
        }
      ]
    },
    {
      "module": "module.vpc",
      "mode": "managed",
      "type": "aws_subnet",
      "name": "public",
      "provider": "provider[\"registry.terraform.io/hashicorp/aws\"]",
      "instances": [
        {
          "index_key": 0,
          "schema_version": 1,
          "attributes": {
            "arn": "arn:aws:ec2:us-east-1:202533543604:subnet/subnet-06a0e9f14248bda57",
            "assign_ipv6_address_on_creation": false,
            "availability_zone": "us-east-1a",
            "availability_zone_id": "use1-az1",
            "cidr_block": "172.16.1.0/24",
            "customer_owned_ipv4_pool": "",
            "enable_dns64": false,
            "enable_lni_at_device_index": 0,
            "enable_resource_name_dns_a_record_on_launch": false,
            "enable_resource_name_dns_aaaa_record_on_launch": false,
            "id": "subnet-06a0e9f14248bda57",
            "ipv6_cidr_block": "",
            "ipv6_cidr_block_association_id": "",
            "ipv6_native": false,
            "map_customer_owned_ip_on_launch": false,
            "map_public_ip_on_launch": false,
            "outpost_arn": "",
            "owner_id": "202533543604",
            "private_dns_hostname_type_on_launch": "ip-name",
            "tags": {
              "Env": "Lab4",
              "Name": "VPC-Lab4",
              "Owner": "Dani"
            },
            "tags_all": {
              "Env": "Lab4",
              "Name": "VPC-Lab4",
              "Owner": "Dani"
            },
            "timeouts": null,
            "vpc_id": "vpc-05b54ba136d41130f"
          },
          "sensitive_attributes": [],
          "private": "eyJlMmJmYjczMC1lY2FhLTExZTYtOGY4OC0zNDM2M2JjN2M0YzAiOnsiY3JlYXRlIjo2MDAwMDAwMDAwMDAsImRlbGV0ZSI6MTIwMDAwMDAwMDAwMH0sInNjaGVtYV92ZXJzaW9uIjoiMSJ9",
          "dependencies": [
            "module.vpc.aws_vpc.this",
            "module.vpc.aws_vpc_ipv4_cidr_block_association.this"
          ]
        },
        {
          "index_key": 1,
          "schema_version": 1,
          "attributes": {
            "arn": "arn:aws:ec2:us-east-1:202533543604:subnet/subnet-051fb05b81682567e",
            "assign_ipv6_address_on_creation": false,
            "availability_zone": "us-east-1b",
            "availability_zone_id": "use1-az2",
            "cidr_block": "172.16.2.0/24",
            "customer_owned_ipv4_pool": "",
            "enable_dns64": false,
            "enable_lni_at_device_index": 0,
            "enable_resource_name_dns_a_record_on_launch": false,
            "enable_resource_name_dns_aaaa_record_on_launch": false,
            "id": "subnet-051fb05b81682567e",
            "ipv6_cidr_block": "",
            "ipv6_cidr_block_association_id": "",
            "ipv6_native": false,
            "map_customer_owned_ip_on_launch": false,
            "map_public_ip_on_launch": false,
            "outpost_arn": "",
            "owner_id": "202533543604",
            "private_dns_hostname_type_on_launch": "ip-name",
            "tags": {
              "Env": "Lab4",
              "Name": "VPC-Lab4",
              "Owner": "Dani"
            },
            "tags_all": {
              "Env": "Lab4",
              "Name": "VPC-Lab4",
              "Owner": "Dani"
            },
            "timeouts": null,
            "vpc_id": "vpc-05b54ba136d41130f"
          },
          "sensitive_attributes": [],
          "private": "eyJlMmJmYjczMC1lY2FhLTExZTYtOGY4OC0zNDM2M2JjN2M0YzAiOnsiY3JlYXRlIjo2MDAwMDAwMDAwMDAsImRlbGV0ZSI6MTIwMDAwMDAwMDAwMH0sInNjaGVtYV92ZXJzaW9uIjoiMSJ9",
          "dependencies": [
            "module.vpc.aws_vpc.this",
            "module.vpc.aws_vpc_ipv4_cidr_block_association.this"
          ]
        }
      ]
    },
    {
      "module": "module.vpc",
      "mode": "managed",
      "type": "aws_vpc",
      "name": "this",
      "provider": "provider[\"registry.terraform.io/hashicorp/aws\"]",
      "instances": [
        {
          "index_key": 0,
          "schema_version": 1,
          "attributes": {
            "arn": "arn:aws:ec2:us-east-1:202533543604:vpc/vpc-05b54ba136d41130f",
            "assign_generated_ipv6_cidr_block": false,
            "cidr_block": "172.16.0.0/16",
            "default_network_acl_id": "acl-0cc32173192ab22b5",
            "default_route_table_id": "rtb-092c0d29fd080ea01",
            "default_security_group_id": "sg-029564a50ea3ceaf8",
            "dhcp_options_id": "dopt-007cd0ab29d28ae80",
            "enable_dns_hostnames": true,
            "enable_dns_support": true,
            "enable_network_address_usage_metrics": false,
            "id": "vpc-05b54ba136d41130f",
            "instance_tenancy": "default",
            "ipv4_ipam_pool_id": null,
            "ipv4_netmask_length": null,
            "ipv6_association_id": "",
            "ipv6_cidr_block": "",
            "ipv6_cidr_block_network_border_group": "",
            "ipv6_ipam_pool_id": "",
            "ipv6_netmask_length": 0,
            "main_route_table_id": "rtb-092c0d29fd080ea01",
            "owner_id": "202533543604",
            "tags": {
              "Env": "Lab4",
              "Name": "VPC-Lab4",
              "Owner": "Dani"
            },
            "tags_all": {
              "Env": "Lab4",
              "Name": "VPC-Lab4",
              "Owner": "Dani"
            }
          },
          "sensitive_attributes": [],
          "private": "eyJzY2hlbWFfdmVyc2lvbiI6IjEifQ==",
          "create_before_destroy": true
        }
      ]
    },
    {
      "module": "module.vpc",
      "mode": "managed",
      "type": "aws_vpc_ipv4_cidr_block_association",
      "name": "this",
      "provider": "provider[\"registry.terraform.io/hashicorp/aws\"]",
      "instances": []
    }
  ],
  "check_results": null
}
